// !$*UTF8*$!
{
	archiveVersion = 1;
	classes = {
	};
	objectVersion = 56;
	objects = {

/* Begin PBXBuildFile section */
		2D8121B82AD7BF5C00BA2BAF /* SegmentedControl.swift in Sources */ = {isa = PBXBuildFile; fileRef = 2D8121B72AD7BF5C00BA2BAF /* SegmentedControl.swift */; };
		2D87E9DD2AD469F000BAEE93 /* Weather_Foracase_App.swift in Sources */ = {isa = PBXBuildFile; fileRef = 2D87E9DC2AD469F000BAEE93 /* Weather_Foracase_App.swift */; };
		2D87E9DF2AD469F000BAEE93 /* ContentView.swift in Sources */ = {isa = PBXBuildFile; fileRef = 2D87E9DE2AD469F000BAEE93 /* ContentView.swift */; };
		2D87E9E12AD469F100BAEE93 /* Assets.xcassets in Resources */ = {isa = PBXBuildFile; fileRef = 2D87E9E02AD469F100BAEE93 /* Assets.xcassets */; };
		2D87E9E42AD469F100BAEE93 /* Preview Assets.xcassets in Resources */ = {isa = PBXBuildFile; fileRef = 2D87E9E32AD469F100BAEE93 /* Preview Assets.xcassets */; };
		2D87E9F22AD4713C00BAEE93 /* Extensions.swift in Sources */ = {isa = PBXBuildFile; fileRef = 2D87E9F12AD4713C00BAEE93 /* Extensions.swift */; };
		2D87E9F42AD4745100BAEE93 /* HomeView.swift in Sources */ = {isa = PBXBuildFile; fileRef = 2D87E9F32AD4745100BAEE93 /* HomeView.swift */; };
		2D8F5FAB2AD555090093F1AF /* TabBar.swift in Sources */ = {isa = PBXBuildFile; fileRef = 2D8F5FAA2AD555090093F1AF /* TabBar.swift */; };
		2D95EBAC2AD7DB3000C0934E /* ForecastModel.swift in Sources */ = {isa = PBXBuildFile; fileRef = 2D95EBAB2AD7DB3000C0934E /* ForecastModel.swift */; };
		2D95EBB02AD7E1B700C0934E /* ForecastCard.swift in Sources */ = {isa = PBXBuildFile; fileRef = 2D95EBAF2AD7E1B700C0934E /* ForecastCard.swift */; };
		2D991A432AD582210012BDDD /* Shapes.swift in Sources */ = {isa = PBXBuildFile; fileRef = 2D991A422AD582210012BDDD /* Shapes.swift */; };
		2D9C93E92AD99BDD00D45637 /* WeatherView.swift in Sources */ = {isa = PBXBuildFile; fileRef = 2D9C93E82AD99BDD00D45637 /* WeatherView.swift */; };
		2DA91D772AD5BD200062C98E /* ForecastView.swift in Sources */ = {isa = PBXBuildFile; fileRef = 2DA91D762AD5BD200062C98E /* ForecastView.swift */; };
		2DA9DF382AD687490055E5E4 /* Blur.swift in Sources */ = {isa = PBXBuildFile; fileRef = 2DA9DF372AD687490055E5E4 /* Blur.swift */; };
		2DB6C5F42AD942C1007E87CD /* NavigationBar.swift in Sources */ = {isa = PBXBuildFile; fileRef = 2DB6C5F32AD942C1007E87CD /* NavigationBar.swift */; };
		2DDFFC942AD595170071A4D3 /* BottomSheet in Frameworks */ = {isa = PBXBuildFile; productRef = 2DDFFC932AD595170071A4D3 /* BottomSheet */; };
/* End PBXBuildFile section */

/* Begin PBXFileReference section */
		2D8121B72AD7BF5C00BA2BAF /* SegmentedControl.swift */ = {isa = PBXFileReference; lastKnownFileType = sourcecode.swift; path = SegmentedControl.swift; sourceTree = "<group>"; };
		2D87E9D92AD469F000BAEE93 /* Weather Foracase°.app */ = {isa = PBXFileReference; explicitFileType = wrapper.application; includeInIndex = 0; path = "Weather Foracase°.app"; sourceTree = BUILT_PRODUCTS_DIR; };
		2D87E9DC2AD469F000BAEE93 /* Weather_Foracase_App.swift */ = {isa = PBXFileReference; lastKnownFileType = sourcecode.swift; path = Weather_Foracase_App.swift; sourceTree = "<group>"; };
		2D87E9DE2AD469F000BAEE93 /* ContentView.swift */ = {isa = PBXFileReference; lastKnownFileType = sourcecode.swift; path = ContentView.swift; sourceTree = "<group>"; };
		2D87E9E02AD469F100BAEE93 /* Assets.xcassets */ = {isa = PBXFileReference; lastKnownFileType = folder.assetcatalog; path = Assets.xcassets; sourceTree = "<group>"; };
		2D87E9E32AD469F100BAEE93 /* Preview Assets.xcassets */ = {isa = PBXFileReference; lastKnownFileType = folder.assetcatalog; path = "Preview Assets.xcassets"; sourceTree = "<group>"; };
		2D87E9F12AD4713C00BAEE93 /* Extensions.swift */ = {isa = PBXFileReference; lastKnownFileType = sourcecode.swift; path = Extensions.swift; sourceTree = "<group>"; };
		2D87E9F32AD4745100BAEE93 /* HomeView.swift */ = {isa = PBXFileReference; lastKnownFileType = sourcecode.swift; path = HomeView.swift; sourceTree = "<group>"; };
		2D8F5FAA2AD555090093F1AF /* TabBar.swift */ = {isa = PBXFileReference; lastKnownFileType = sourcecode.swift; path = TabBar.swift; sourceTree = "<group>"; };
		2D95EBAB2AD7DB3000C0934E /* ForecastModel.swift */ = {isa = PBXFileReference; lastKnownFileType = sourcecode.swift; path = ForecastModel.swift; sourceTree = "<group>"; };
		2D95EBAF2AD7E1B700C0934E /* ForecastCard.swift */ = {isa = PBXFileReference; lastKnownFileType = sourcecode.swift; path = ForecastCard.swift; sourceTree = "<group>"; };
		2D991A422AD582210012BDDD /* Shapes.swift */ = {isa = PBXFileReference; lastKnownFileType = sourcecode.swift; path = Shapes.swift; sourceTree = "<group>"; };
		2D9C93E82AD99BDD00D45637 /* WeatherView.swift */ = {isa = PBXFileReference; lastKnownFileType = sourcecode.swift; path = WeatherView.swift; sourceTree = "<group>"; };
		2DA91D762AD5BD200062C98E /* ForecastView.swift */ = {isa = PBXFileReference; lastKnownFileType = sourcecode.swift; path = ForecastView.swift; sourceTree = "<group>"; };
		2DA9DF372AD687490055E5E4 /* Blur.swift */ = {isa = PBXFileReference; lastKnownFileType = sourcecode.swift; path = Blur.swift; sourceTree = "<group>"; };
		2DB6C5F32AD942C1007E87CD /* NavigationBar.swift */ = {isa = PBXFileReference; lastKnownFileType = sourcecode.swift; path = NavigationBar.swift; sourceTree = "<group>"; };
/* End PBXFileReference section */

/* Begin PBXFrameworksBuildPhase section */
		2D87E9D62AD469F000BAEE93 /* Frameworks */ = {
			isa = PBXFrameworksBuildPhase;
			buildActionMask = 2147483647;
			files = (
				2DDFFC942AD595170071A4D3 /* BottomSheet in Frameworks */,
			);
			runOnlyForDeploymentPostprocessing = 0;
		};
/* End PBXFrameworksBuildPhase section */

/* Begin PBXGroup section */
		2D87E9D02AD469F000BAEE93 = {
			isa = PBXGroup;
			children = (
				2D87E9DB2AD469F000BAEE93 /* Weather Foracase° */,
				2D87E9DA2AD469F000BAEE93 /* Products */,
			);
			sourceTree = "<group>";
		};
		2D87E9DA2AD469F000BAEE93 /* Products */ = {
			isa = PBXGroup;
			children = (
				2D87E9D92AD469F000BAEE93 /* Weather Foracase°.app */,
			);
			name = Products;
			sourceTree = "<group>";
		};
		2D87E9DB2AD469F000BAEE93 /* Weather Foracase° */ = {
			isa = PBXGroup;
			children = (
				2D87E9DC2AD469F000BAEE93 /* Weather_Foracase_App.swift */,
				2D87E9EC2AD46F3200BAEE93 /* Views */,
				2D87E9EB2AD46F2400BAEE93 /* Models */,
				2D87E9EA2AD46F1500BAEE93 /* Utils */,
				2D87E9E02AD469F100BAEE93 /* Assets.xcassets */,
				2D87E9E22AD469F100BAEE93 /* Preview Content */,
			);
			path = "Weather Foracase°";
			sourceTree = "<group>";
		};
		2D87E9E22AD469F100BAEE93 /* Preview Content */ = {
			isa = PBXGroup;
			children = (
				2D87E9E32AD469F100BAEE93 /* Preview Assets.xcassets */,
			);
			path = "Preview Content";
			sourceTree = "<group>";
		};
		2D87E9EA2AD46F1500BAEE93 /* Utils */ = {
			isa = PBXGroup;
			children = (
				2D87E9F12AD4713C00BAEE93 /* Extensions.swift */,
				2D991A422AD582210012BDDD /* Shapes.swift */,
			);
			path = Utils;
			sourceTree = "<group>";
		};
		2D87E9EB2AD46F2400BAEE93 /* Models */ = {
			isa = PBXGroup;
			children = (
				2D95EBAB2AD7DB3000C0934E /* ForecastModel.swift */,
			);
			path = Models;
			sourceTree = "<group>";
		};
		2D87E9EC2AD46F3200BAEE93 /* Views */ = {
			isa = PBXGroup;
			children = (
				2D87E9F02AD46FAF00BAEE93 /* Main */,
				2D87E9EF2AD46F9E00BAEE93 /* Navigation */,
				2D87E9EE2AD46F8E00BAEE93 /* Detail */,
				2D87E9ED2AD46F8100BAEE93 /* Components */,
			);
			path = Views;
			sourceTree = "<group>";
		};
		2D87E9ED2AD46F8100BAEE93 /* Components */ = {
			isa = PBXGroup;
			children = (
				2DA9DF372AD687490055E5E4 /* Blur.swift */,
				2D8121B72AD7BF5C00BA2BAF /* SegmentedControl.swift */,
				2D95EBAF2AD7E1B700C0934E /* ForecastCard.swift */,
			);
			path = Components;
			sourceTree = "<group>";
		};
		2D87E9EE2AD46F8E00BAEE93 /* Detail */ = {
			isa = PBXGroup;
			children = (
				2DA91D762AD5BD200062C98E /* ForecastView.swift */,
				2D9C93E82AD99BDD00D45637 /* WeatherView.swift */,
			);
			path = Detail;
			sourceTree = "<group>";
		};
		2D87E9EF2AD46F9E00BAEE93 /* Navigation */ = {
			isa = PBXGroup;
			children = (
				2D8F5FAA2AD555090093F1AF /* TabBar.swift */,
				2DB6C5F32AD942C1007E87CD /* NavigationBar.swift */,
			);
			path = Navigation;
			sourceTree = "<group>";
		};
		2D87E9F02AD46FAF00BAEE93 /* Main */ = {
			isa = PBXGroup;
			children = (
				2D87E9DE2AD469F000BAEE93 /* ContentView.swift */,
				2D87E9F32AD4745100BAEE93 /* HomeView.swift */,
			);
			path = Main;
			sourceTree = "<group>";
		};
/* End PBXGroup section */

/* Begin PBXNativeTarget section */
		2D87E9D82AD469F000BAEE93 /* Weather Foracase° */ = {
			isa = PBXNativeTarget;
			buildConfigurationList = 2D87E9E72AD469F100BAEE93 /* Build configuration list for PBXNativeTarget "Weather Foracase°" */;
			buildPhases = (
				2D87E9D52AD469F000BAEE93 /* Sources */,
				2D87E9D62AD469F000BAEE93 /* Frameworks */,
				2D87E9D72AD469F000BAEE93 /* Resources */,
			);
			buildRules = (
			);
			dependencies = (
			);
			name = "Weather Foracase°";
			packageProductDependencies = (
				2DDFFC932AD595170071A4D3 /* BottomSheet */,
			);
			productName = "Weather Foracase°";
			productReference = 2D87E9D92AD469F000BAEE93 /* Weather Foracase°.app */;
			productType = "com.apple.product-type.application";
		};
/* End PBXNativeTarget section */

/* Begin PBXProject section */
		2D87E9D12AD469F000BAEE93 /* Project object */ = {
			isa = PBXProject;
			attributes = {
				BuildIndependentTargetsInParallel = 1;
				LastSwiftUpdateCheck = 1500;
				LastUpgradeCheck = 1500;
				TargetAttributes = {
					2D87E9D82AD469F000BAEE93 = {
						CreatedOnToolsVersion = 15.0;
					};
				};
			};
			buildConfigurationList = 2D87E9D42AD469F000BAEE93 /* Build configuration list for PBXProject "Weather Foracase°" */;
			compatibilityVersion = "Xcode 14.0";
			developmentRegion = en;
			hasScannedForEncodings = 0;
			knownRegions = (
				en,
				Base,
			);
			mainGroup = 2D87E9D02AD469F000BAEE93;
			packageReferences = (
				2DDFFC922AD595170071A4D3 /* XCRemoteSwiftPackageReference "BottomSheet" */,
			);
			productRefGroup = 2D87E9DA2AD469F000BAEE93 /* Products */;
			projectDirPath = "";
			projectRoot = "";
			targets = (
				2D87E9D82AD469F000BAEE93 /* Weather Foracase° */,
			);
		};
/* End PBXProject section */

/* Begin PBXResourcesBuildPhase section */
		2D87E9D72AD469F000BAEE93 /* Resources */ = {
			isa = PBXResourcesBuildPhase;
			buildActionMask = 2147483647;
			files = (
				2D87E9E42AD469F100BAEE93 /* Preview Assets.xcassets in Resources */,
				2D87E9E12AD469F100BAEE93 /* Assets.xcassets in Resources */,
			);
			runOnlyForDeploymentPostprocessing = 0;
		};
/* End PBXResourcesBuildPhase section */

/* Begin PBXSourcesBuildPhase section */
		2D87E9D52AD469F000BAEE93 /* Sources */ = {
			isa = PBXSourcesBuildPhase;
			buildActionMask = 2147483647;
			files = (
				2D95EBB02AD7E1B700C0934E /* ForecastCard.swift in Sources */,
				2D87E9DF2AD469F000BAEE93 /* ContentView.swift in Sources */,
				2D8121B82AD7BF5C00BA2BAF /* SegmentedControl.swift in Sources */,
				2D87E9F42AD4745100BAEE93 /* HomeView.swift in Sources */,
				2DA9DF382AD687490055E5E4 /* Blur.swift in Sources */,
				2D9C93E92AD99BDD00D45637 /* WeatherView.swift in Sources */,
				2D87E9F22AD4713C00BAEE93 /* Extensions.swift in Sources */,
				2D87E9DD2AD469F000BAEE93 /* Weather_Foracase_App.swift in Sources */,
				2DA91D772AD5BD200062C98E /* ForecastView.swift in Sources */,
				2D8F5FAB2AD555090093F1AF /* TabBar.swift in Sources */,
				2D95EBAC2AD7DB3000C0934E /* ForecastModel.swift in Sources */,
				2D991A432AD582210012BDDD /* Shapes.swift in Sources */,
				2DB6C5F42AD942C1007E87CD /* NavigationBar.swift in Sources */,
			);
			runOnlyForDeploymentPostprocessing = 0;
		};
/* End PBXSourcesBuildPhase section */

/* Begin XCBuildConfiguration section */
		2D87E9E52AD469F100BAEE93 /* Debug */ = {
			isa = XCBuildConfiguration;
			buildSettings = {
				ALWAYS_SEARCH_USER_PATHS = NO;
				ASSETCATALOG_COMPILER_GENERATE_SWIFT_ASSET_SYMBOL_EXTENSIONS = YES;
				CLANG_ANALYZER_NONNULL = YES;
				CLANG_ANALYZER_NUMBER_OBJECT_CONVERSION = YES_AGGRESSIVE;
				CLANG_CXX_LANGUAGE_STANDARD = "gnu++20";
				CLANG_ENABLE_MODULES = YES;
				CLANG_ENABLE_OBJC_ARC = YES;
				CLANG_ENABLE_OBJC_WEAK = YES;
				CLANG_WARN_BLOCK_CAPTURE_AUTORELEASING = YES;
				CLANG_WARN_BOOL_CONVERSION = YES;
				CLANG_WARN_COMMA = YES;
				CLANG_WARN_CONSTANT_CONVERSION = YES;
				CLANG_WARN_DEPRECATED_OBJC_IMPLEMENTATIONS = YES;
				CLANG_WARN_DIRECT_OBJC_ISA_USAGE = YES_ERROR;
				CLANG_WARN_DOCUMENTATION_COMMENTS = YES;
				CLANG_WARN_EMPTY_BODY = YES;
				CLANG_WARN_ENUM_CONVERSION = YES;
				CLANG_WARN_INFINITE_RECURSION = YES;
				CLANG_WARN_INT_CONVERSION = YES;
				CLANG_WARN_NON_LITERAL_NULL_CONVERSION = YES;
				CLANG_WARN_OBJC_IMPLICIT_RETAIN_SELF = YES;
				CLANG_WARN_OBJC_LITERAL_CONVERSION = YES;
				CLANG_WARN_OBJC_ROOT_CLASS = YES_ERROR;
				CLANG_WARN_QUOTED_INCLUDE_IN_FRAMEWORK_HEADER = YES;
				CLANG_WARN_RANGE_LOOP_ANALYSIS = YES;
				CLANG_WARN_STRICT_PROTOTYPES = YES;
				CLANG_WARN_SUSPICIOUS_MOVE = YES;
				CLANG_WARN_UNGUARDED_AVAILABILITY = YES_AGGRESSIVE;
				CLANG_WARN_UNREACHABLE_CODE = YES;
				CLANG_WARN__DUPLICATE_METHOD_MATCH = YES;
				COPY_PHASE_STRIP = NO;
				DEBUG_INFORMATION_FORMAT = dwarf;
				ENABLE_STRICT_OBJC_MSGSEND = YES;
				ENABLE_TESTABILITY = YES;
				ENABLE_USER_SCRIPT_SANDBOXING = YES;
				GCC_C_LANGUAGE_STANDARD = gnu17;
				GCC_DYNAMIC_NO_PIC = NO;
				GCC_NO_COMMON_BLOCKS = YES;
				GCC_OPTIMIZATION_LEVEL = 0;
				GCC_PREPROCESSOR_DEFINITIONS = (
					"DEBUG=1",
					"$(inherited)",
				);
				GCC_WARN_64_TO_32_BIT_CONVERSION = YES;
				GCC_WARN_ABOUT_RETURN_TYPE = YES_ERROR;
				GCC_WARN_UNDECLARED_SELECTOR = YES;
				GCC_WARN_UNINITIALIZED_AUTOS = YES_AGGRESSIVE;
				GCC_WARN_UNUSED_FUNCTION = YES;
				GCC_WARN_UNUSED_VARIABLE = YES;
				IPHONEOS_DEPLOYMENT_TARGET = 17.0;
				LOCALIZATION_PREFERS_STRING_CATALOGS = YES;
				MTL_ENABLE_DEBUG_INFO = INCLUDE_SOURCE;
				MTL_FAST_MATH = YES;
				ONLY_ACTIVE_ARCH = YES;
				SDKROOT = iphoneos;
				SWIFT_ACTIVE_COMPILATION_CONDITIONS = "DEBUG $(inherited)";
				SWIFT_OPTIMIZATION_LEVEL = "-Onone";
			};
			name = Debug;
		};
		2D87E9E62AD469F100BAEE93 /* Release */ = {
			isa = XCBuildConfiguration;
			buildSettings = {
				ALWAYS_SEARCH_USER_PATHS = NO;
				ASSETCATALOG_COMPILER_GENERATE_SWIFT_ASSET_SYMBOL_EXTENSIONS = YES;
				CLANG_ANALYZER_NONNULL = YES;
				CLANG_ANALYZER_NUMBER_OBJECT_CONVERSION = YES_AGGRESSIVE;
				CLANG_CXX_LANGUAGE_STANDARD = "gnu++20";
				CLANG_ENABLE_MODULES = YES;
				CLANG_ENABLE_OBJC_ARC = YES;
				CLANG_ENABLE_OBJC_WEAK = YES;
				CLANG_WARN_BLOCK_CAPTURE_AUTORELEASING = YES;
				CLANG_WARN_BOOL_CONVERSION = YES;
				CLANG_WARN_COMMA = YES;
				CLANG_WARN_CONSTANT_CONVERSION = YES;
				CLANG_WARN_DEPRECATED_OBJC_IMPLEMENTATIONS = YES;
				CLANG_WARN_DIRECT_OBJC_ISA_USAGE = YES_ERROR;
				CLANG_WARN_DOCUMENTATION_COMMENTS = YES;
				CLANG_WARN_EMPTY_BODY = YES;
				CLANG_WARN_ENUM_CONVERSION = YES;
				CLANG_WARN_INFINITE_RECURSION = YES;
				CLANG_WARN_INT_CONVERSION = YES;
				CLANG_WARN_NON_LITERAL_NULL_CONVERSION = YES;
				CLANG_WARN_OBJC_IMPLICIT_RETAIN_SELF = YES;
				CLANG_WARN_OBJC_LITERAL_CONVERSION = YES;
				CLANG_WARN_OBJC_ROOT_CLASS = YES_ERROR;
				CLANG_WARN_QUOTED_INCLUDE_IN_FRAMEWORK_HEADER = YES;
				CLANG_WARN_RANGE_LOOP_ANALYSIS = YES;
				CLANG_WARN_STRICT_PROTOTYPES = YES;
				CLANG_WARN_SUSPICIOUS_MOVE = YES;
				CLANG_WARN_UNGUARDED_AVAILABILITY = YES_AGGRESSIVE;
				CLANG_WARN_UNREACHABLE_CODE = YES;
				CLANG_WARN__DUPLICATE_METHOD_MATCH = YES;
				COPY_PHASE_STRIP = NO;
				DEBUG_INFORMATION_FORMAT = "dwarf-with-dsym";
				ENABLE_NS_ASSERTIONS = NO;
				ENABLE_STRICT_OBJC_MSGSEND = YES;
				ENABLE_USER_SCRIPT_SANDBOXING = YES;
				GCC_C_LANGUAGE_STANDARD = gnu17;
				GCC_NO_COMMON_BLOCKS = YES;
				GCC_WARN_64_TO_32_BIT_CONVERSION = YES;
				GCC_WARN_ABOUT_RETURN_TYPE = YES_ERROR;
				GCC_WARN_UNDECLARED_SELECTOR = YES;
				GCC_WARN_UNINITIALIZED_AUTOS = YES_AGGRESSIVE;
				GCC_WARN_UNUSED_FUNCTION = YES;
				GCC_WARN_UNUSED_VARIABLE = YES;
				IPHONEOS_DEPLOYMENT_TARGET = 17.0;
				LOCALIZATION_PREFERS_STRING_CATALOGS = YES;
				MTL_ENABLE_DEBUG_INFO = NO;
				MTL_FAST_MATH = YES;
				SDKROOT = iphoneos;
				SWIFT_COMPILATION_MODE = wholemodule;
				VALIDATE_PRODUCT = YES;
			};
			name = Release;
		};
		2D87E9E82AD469F100BAEE93 /* Debug */ = {
			isa = XCBuildConfiguration;
			buildSettings = {
				ASSETCATALOG_COMPILER_APPICON_NAME = AppIcon;
				ASSETCATALOG_COMPILER_GLOBAL_ACCENT_COLOR_NAME = AccentColor;
				CODE_SIGN_STYLE = Automatic;
				CURRENT_PROJECT_VERSION = 1;
				DEVELOPMENT_ASSET_PATHS = "\"Weather Foracase°/Preview Content\"";
				DEVELOPMENT_TEAM = W6M4A5436D;
				ENABLE_PREVIEWS = YES;
				GENERATE_INFOPLIST_FILE = YES;
				INFOPLIST_KEY_UIApplicationSceneManifest_Generation = YES;
				INFOPLIST_KEY_UIApplicationSupportsIndirectInputEvents = YES;
				INFOPLIST_KEY_UILaunchScreen_Generation = YES;
				INFOPLIST_KEY_UISupportedInterfaceOrientations_iPad = "UIInterfaceOrientationPortrait UIInterfaceOrientationPortraitUpsideDown UIInterfaceOrientationLandscapeLeft UIInterfaceOrientationLandscapeRight";
				INFOPLIST_KEY_UISupportedInterfaceOrientations_iPhone = "UIInterfaceOrientationPortrait UIInterfaceOrientationLandscapeLeft UIInterfaceOrientationLandscapeRight";
				LD_RUNPATH_SEARCH_PATHS = (
					"$(inherited)",
					"@executable_path/Frameworks",
				);
				MARKETING_VERSION = 1.0;
				PRODUCT_BUNDLE_IDENTIFIER = "Shiva.Weather-Foracase-";
				PRODUCT_NAME = "$(TARGET_NAME)";
				SWIFT_EMIT_LOC_STRINGS = YES;
				SWIFT_VERSION = 5.0;
				TARGETED_DEVICE_FAMILY = "1,2";
			};
			name = Debug;
		};
		2D87E9E92AD469F100BAEE93 /* Release */ = {
			isa = XCBuildConfiguration;
			buildSettings = {
				ASSETCATALOG_COMPILER_APPICON_NAME = AppIcon;
				ASSETCATALOG_COMPILER_GLOBAL_ACCENT_COLOR_NAME = AccentColor;
				CODE_SIGN_STYLE = Automatic;
				CURRENT_PROJECT_VERSION = 1;
				DEVELOPMENT_ASSET_PATHS = "\"Weather Foracase°/Preview Content\"";
				DEVELOPMENT_TEAM = W6M4A5436D;
				ENABLE_PREVIEWS = YES;
				GENERATE_INFOPLIST_FILE = YES;
				INFOPLIST_KEY_UIApplicationSceneManifest_Generation = YES;
				INFOPLIST_KEY_UIApplicationSupportsIndirectInputEvents = YES;
				INFOPLIST_KEY_UILaunchScreen_Generation = YES;
				INFOPLIST_KEY_UISupportedInterfaceOrientations_iPad = "UIInterfaceOrientationPortrait UIInterfaceOrientationPortraitUpsideDown UIInterfaceOrientationLandscapeLeft UIInterfaceOrientationLandscapeRight";
				INFOPLIST_KEY_UISupportedInterfaceOrientations_iPhone = "UIInterfaceOrientationPortrait UIInterfaceOrientationLandscapeLeft UIInterfaceOrientationLandscapeRight";
				LD_RUNPATH_SEARCH_PATHS = (
					"$(inherited)",
					"@executable_path/Frameworks",
				);
				MARKETING_VERSION = 1.0;
				PRODUCT_BUNDLE_IDENTIFIER = "Shiva.Weather-Foracase-";
				PRODUCT_NAME = "$(TARGET_NAME)";
				SWIFT_EMIT_LOC_STRINGS = YES;
				SWIFT_VERSION = 5.0;
				TARGETED_DEVICE_FAMILY = "1,2";
			};
			name = Release;
		};
/* End XCBuildConfiguration section */

/* Begin XCConfigurationList section */
		2D87E9D42AD469F000BAEE93 /* Build configuration list for PBXProject "Weather Foracase°" */ = {
			isa = XCConfigurationList;
			buildConfigurations = (
				2D87E9E52AD469F100BAEE93 /* Debug */,
				2D87E9E62AD469F100BAEE93 /* Release */,
			);
			defaultConfigurationIsVisible = 0;
			defaultConfigurationName = Release;
		};
		2D87E9E72AD469F100BAEE93 /* Build configuration list for PBXNativeTarget "Weather Foracase°" */ = {
			isa = XCConfigurationList;
			buildConfigurations = (
				2D87E9E82AD469F100BAEE93 /* Debug */,
				2D87E9E92AD469F100BAEE93 /* Release */,
			);
			defaultConfigurationIsVisible = 0;
			defaultConfigurationName = Release;
		};
/* End XCConfigurationList section */

/* Begin XCRemoteSwiftPackageReference section */
		2DDFFC922AD595170071A4D3 /* XCRemoteSwiftPackageReference "BottomSheet" */ = {
			isa = XCRemoteSwiftPackageReference;
			repositoryURL = "https://github.com/Wouter125/BottomSheet";
			requirement = {
				kind = exactVersion;
				version = 1.4.5;
			};
		};
/* End XCRemoteSwiftPackageReference section */

/* Begin XCSwiftPackageProductDependency section */
		2DDFFC932AD595170071A4D3 /* BottomSheet */ = {
			isa = XCSwiftPackageProductDependency;
			package = 2DDFFC922AD595170071A4D3 /* XCRemoteSwiftPackageReference "BottomSheet" */;
			productName = BottomSheet;
		};
/* End XCSwiftPackageProductDependency section */
	};
	rootObject = 2D87E9D12AD469F000BAEE93 /* Project object */;
}
